// !$*UTF8*$!
{
	archiveVersion = 1;
	classes = {
	};
	objectVersion = 46;
	objects = {

/* Begin PBXBuildFile section */
		FC1DA1A1164C7D9800C2CD86 /* DialViewController.m in Sources */ = {isa = PBXBuildFile; fileRef = FC1DA1A0164C7D9800C2CD86 /* DialViewController.m */; };
		FC1DA1A5164C7DB500C2CD86 /* DialViewController.xib in Resources */ = {isa = PBXBuildFile; fileRef = FC1DA1A4164C7DB500C2CD86 /* DialViewController.xib */; };
		FC6D0116164734D400C32F96 /* (null) in Sources */ = {isa = PBXBuildFile; };
		FED55FD71629DF7F00690CD5 /* UIKit.framework in Frameworks */ = {isa = PBXBuildFile; fileRef = FED55FD61629DF7F00690CD5 /* UIKit.framework */; };
		FED55FD91629DF7F00690CD5 /* Foundation.framework in Frameworks */ = {isa = PBXBuildFile; fileRef = FED55FD81629DF7F00690CD5 /* Foundation.framework */; };
		FED55FDB1629DF7F00690CD5 /* CoreGraphics.framework in Frameworks */ = {isa = PBXBuildFile; fileRef = FED55FDA1629DF7F00690CD5 /* CoreGraphics.framework */; };
		FED55FE11629DF7F00690CD5 /* InfoPlist.strings in Resources */ = {isa = PBXBuildFile; fileRef = FED55FDF1629DF7F00690CD5 /* InfoPlist.strings */; };
		FED55FE31629DF7F00690CD5 /* main.m in Sources */ = {isa = PBXBuildFile; fileRef = FED55FE21629DF7F00690CD5 /* main.m */; };
		FED55FE71629DF7F00690CD5 /* AppDelegate.m in Sources */ = {isa = PBXBuildFile; fileRef = FED55FE61629DF7F00690CD5 /* AppDelegate.m */; };
		FED55FE91629DF7F00690CD5 /* Default.png in Resources */ = {isa = PBXBuildFile; fileRef = FED55FE81629DF7F00690CD5 /* Default.png */; };
		FED55FEB1629DF7F00690CD5 /* Default@2x.png in Resources */ = {isa = PBXBuildFile; fileRef = FED55FEA1629DF7F00690CD5 /* Default@2x.png */; };
		FED55FED1629DF7F00690CD5 /* Default-568h@2x.png in Resources */ = {isa = PBXBuildFile; fileRef = FED55FEC1629DF7F00690CD5 /* Default-568h@2x.png */; };
		FED55FF01629DF7F00690CD5 /* FirstViewController.m in Sources */ = {isa = PBXBuildFile; fileRef = FED55FEF1629DF7F00690CD5 /* FirstViewController.m */; };
		FED55FF21629DF7F00690CD5 /* first.png in Resources */ = {isa = PBXBuildFile; fileRef = FED55FF11629DF7F00690CD5 /* first.png */; };
		FED55FF41629DF7F00690CD5 /* first@2x.png in Resources */ = {isa = PBXBuildFile; fileRef = FED55FF31629DF7F00690CD5 /* first@2x.png */; };
		FED55FF71629DF7F00690CD5 /* SecondViewController.m in Sources */ = {isa = PBXBuildFile; fileRef = FED55FF61629DF7F00690CD5 /* SecondViewController.m */; };
		FED55FF91629DF7F00690CD5 /* second.png in Resources */ = {isa = PBXBuildFile; fileRef = FED55FF81629DF7F00690CD5 /* second.png */; };
		FED55FFB1629DF7F00690CD5 /* second@2x.png in Resources */ = {isa = PBXBuildFile; fileRef = FED55FFA1629DF7F00690CD5 /* second@2x.png */; };
		FED55FFE1629DF7F00690CD5 /* FirstViewController.xib in Resources */ = {isa = PBXBuildFile; fileRef = FED55FFC1629DF7F00690CD5 /* FirstViewController.xib */; };
		FED560011629DF7F00690CD5 /* SecondViewController.xib in Resources */ = {isa = PBXBuildFile; fileRef = FED55FFF1629DF7F00690CD5 /* SecondViewController.xib */; };
		FED5600C1629DFCF00690CD5 /* AddressBook.framework in Frameworks */ = {isa = PBXBuildFile; fileRef = FED5600B1629DFCF00690CD5 /* AddressBook.framework */; };
		FED5600E1629DFD200690CD5 /* AddressBookUI.framework in Frameworks */ = {isa = PBXBuildFile; fileRef = FED5600D1629DFD200690CD5 /* AddressBookUI.framework */; };
		FEF222B0163497070027E8D5 /* CardInfoViewController.m in Sources */ = {isa = PBXBuildFile; fileRef = FEF222AE163497070027E8D5 /* CardInfoViewController.m */; };
		FEF222B1163497070027E8D5 /* CardInfoViewController.xib in Resources */ = {isa = PBXBuildFile; fileRef = FEF222AF163497070027E8D5 /* CardInfoViewController.xib */; };
/* End PBXBuildFile section */

/* Begin PBXFileReference section */
		FC1DA1A0164C7D9800C2CD86 /* DialViewController.m */ = {isa = PBXFileReference; fileEncoding = 4; lastKnownFileType = sourcecode.c.objc; path = DialViewController.m; sourceTree = "<group>"; };
		FC1DA1A3164C7DA500C2CD86 /* DialViewController.h */ = {isa = PBXFileReference; lastKnownFileType = sourcecode.c.h; path = DialViewController.h; sourceTree = "<group>"; };
		FC1DA1A4164C7DB500C2CD86 /* DialViewController.xib */ = {isa = PBXFileReference; fileEncoding = 4; lastKnownFileType = file.xib; path = DialViewController.xib; sourceTree = "<group>"; };
		FED55FD21629DF7F00690CD5 /* CallingCardAssistant.app */ = {isa = PBXFileReference; explicitFileType = wrapper.application; includeInIndex = 0; path = CallingCardAssistant.app; sourceTree = BUILT_PRODUCTS_DIR; };
		FED55FD61629DF7F00690CD5 /* UIKit.framework */ = {isa = PBXFileReference; lastKnownFileType = wrapper.framework; name = UIKit.framework; path = System/Library/Frameworks/UIKit.framework; sourceTree = SDKROOT; };
		FED55FD81629DF7F00690CD5 /* Foundation.framework */ = {isa = PBXFileReference; lastKnownFileType = wrapper.framework; name = Foundation.framework; path = System/Library/Frameworks/Foundation.framework; sourceTree = SDKROOT; };
		FED55FDA1629DF7F00690CD5 /* CoreGraphics.framework */ = {isa = PBXFileReference; lastKnownFileType = wrapper.framework; name = CoreGraphics.framework; path = System/Library/Frameworks/CoreGraphics.framework; sourceTree = SDKROOT; };
		FED55FDE1629DF7F00690CD5 /* CallingCardAssistant-Info.plist */ = {isa = PBXFileReference; lastKnownFileType = text.plist.xml; path = "CallingCardAssistant-Info.plist"; sourceTree = "<group>"; };
		FED55FE01629DF7F00690CD5 /* en */ = {isa = PBXFileReference; lastKnownFileType = text.plist.strings; name = en; path = en.lproj/InfoPlist.strings; sourceTree = "<group>"; };
		FED55FE21629DF7F00690CD5 /* main.m */ = {isa = PBXFileReference; lastKnownFileType = sourcecode.c.objc; path = main.m; sourceTree = "<group>"; };
		FED55FE41629DF7F00690CD5 /* CallingCardAssistant-Prefix.pch */ = {isa = PBXFileReference; lastKnownFileType = sourcecode.c.h; path = "CallingCardAssistant-Prefix.pch"; sourceTree = "<group>"; };
		FED55FE51629DF7F00690CD5 /* AppDelegate.h */ = {isa = PBXFileReference; lastKnownFileType = sourcecode.c.h; path = AppDelegate.h; sourceTree = "<group>"; };
		FED55FE61629DF7F00690CD5 /* AppDelegate.m */ = {isa = PBXFileReference; lastKnownFileType = sourcecode.c.objc; path = AppDelegate.m; sourceTree = "<group>"; };
		FED55FE81629DF7F00690CD5 /* Default.png */ = {isa = PBXFileReference; lastKnownFileType = image.png; path = Default.png; sourceTree = "<group>"; };
		FED55FEA1629DF7F00690CD5 /* Default@2x.png */ = {isa = PBXFileReference; lastKnownFileType = image.png; path = "Default@2x.png"; sourceTree = "<group>"; };
		FED55FEC1629DF7F00690CD5 /* Default-568h@2x.png */ = {isa = PBXFileReference; lastKnownFileType = image.png; path = "Default-568h@2x.png"; sourceTree = "<group>"; };
		FED55FEE1629DF7F00690CD5 /* FirstViewController.h */ = {isa = PBXFileReference; lastKnownFileType = sourcecode.c.h; path = FirstViewController.h; sourceTree = "<group>"; };
		FED55FEF1629DF7F00690CD5 /* FirstViewController.m */ = {isa = PBXFileReference; lastKnownFileType = sourcecode.c.objc; path = FirstViewController.m; sourceTree = "<group>"; };
		FED55FF11629DF7F00690CD5 /* first.png */ = {isa = PBXFileReference; lastKnownFileType = image.png; path = first.png; sourceTree = "<group>"; };
		FED55FF31629DF7F00690CD5 /* first@2x.png */ = {isa = PBXFileReference; lastKnownFileType = image.png; path = "first@2x.png"; sourceTree = "<group>"; };
		FED55FF51629DF7F00690CD5 /* SecondViewController.h */ = {isa = PBXFileReference; lastKnownFileType = sourcecode.c.h; path = SecondViewController.h; sourceTree = "<group>"; };
		FED55FF61629DF7F00690CD5 /* SecondViewController.m */ = {isa = PBXFileReference; lastKnownFileType = sourcecode.c.objc; path = SecondViewController.m; sourceTree = "<group>"; };
		FED55FF81629DF7F00690CD5 /* second.png */ = {isa = PBXFileReference; lastKnownFileType = image.png; path = second.png; sourceTree = "<group>"; };
		FED55FFA1629DF7F00690CD5 /* second@2x.png */ = {isa = PBXFileReference; lastKnownFileType = image.png; path = "second@2x.png"; sourceTree = "<group>"; };
		FED55FFD1629DF7F00690CD5 /* en */ = {isa = PBXFileReference; lastKnownFileType = file.xib; name = en; path = en.lproj/FirstViewController.xib; sourceTree = "<group>"; };
		FED560001629DF7F00690CD5 /* en */ = {isa = PBXFileReference; lastKnownFileType = file.xib; name = en; path = en.lproj/SecondViewController.xib; sourceTree = "<group>"; };
		FED5600B1629DFCF00690CD5 /* AddressBook.framework */ = {isa = PBXFileReference; lastKnownFileType = wrapper.framework; name = AddressBook.framework; path = System/Library/Frameworks/AddressBook.framework; sourceTree = SDKROOT; };
		FED5600D1629DFD200690CD5 /* AddressBookUI.framework */ = {isa = PBXFileReference; lastKnownFileType = wrapper.framework; name = AddressBookUI.framework; path = System/Library/Frameworks/AddressBookUI.framework; sourceTree = SDKROOT; };
		FEF222AD163497070027E8D5 /* CardInfoViewController.h */ = {isa = PBXFileReference; fileEncoding = 4; lastKnownFileType = sourcecode.c.h; path = CardInfoViewController.h; sourceTree = "<group>"; };
		FEF222AE163497070027E8D5 /* CardInfoViewController.m */ = {isa = PBXFileReference; fileEncoding = 4; lastKnownFileType = sourcecode.c.objc; path = CardInfoViewController.m; sourceTree = "<group>"; };
		FEF222AF163497070027E8D5 /* CardInfoViewController.xib */ = {isa = PBXFileReference; fileEncoding = 4; lastKnownFileType = file.xib; path = CardInfoViewController.xib; sourceTree = "<group>"; };
/* End PBXFileReference section */

/* Begin PBXFrameworksBuildPhase section */
		FED55FCF1629DF7F00690CD5 /* Frameworks */ = {
			isa = PBXFrameworksBuildPhase;
			buildActionMask = 2147483647;
			files = (
				FED5600E1629DFD200690CD5 /* AddressBookUI.framework in Frameworks */,
				FED5600C1629DFCF00690CD5 /* AddressBook.framework in Frameworks */,
				FED55FD71629DF7F00690CD5 /* UIKit.framework in Frameworks */,
				FED55FD91629DF7F00690CD5 /* Foundation.framework in Frameworks */,
				FED55FDB1629DF7F00690CD5 /* CoreGraphics.framework in Frameworks */,
			);
			runOnlyForDeploymentPostprocessing = 0;
		};
/* End PBXFrameworksBuildPhase section */

/* Begin PBXGroup section */
		FED55FC71629DF7F00690CD5 = {
			isa = PBXGroup;
			children = (
				FED55FDC1629DF7F00690CD5 /* CallingCardAssistant */,
				FED55FD51629DF7F00690CD5 /* Frameworks */,
				FED55FD31629DF7F00690CD5 /* Products */,
			);
			sourceTree = "<group>";
		};
		FED55FD31629DF7F00690CD5 /* Products */ = {
			isa = PBXGroup;
			children = (
				FED55FD21629DF7F00690CD5 /* CallingCardAssistant.app */,
			);
			name = Products;
			sourceTree = "<group>";
		};
		FED55FD51629DF7F00690CD5 /* Frameworks */ = {
			isa = PBXGroup;
			children = (
				FED5600D1629DFD200690CD5 /* AddressBookUI.framework */,
				FED5600B1629DFCF00690CD5 /* AddressBook.framework */,
				FED55FD61629DF7F00690CD5 /* UIKit.framework */,
				FED55FD81629DF7F00690CD5 /* Foundation.framework */,
				FED55FDA1629DF7F00690CD5 /* CoreGraphics.framework */,
			);
			name = Frameworks;
			sourceTree = "<group>";
		};
		FED55FDC1629DF7F00690CD5 /* CallingCardAssistant */ = {
			isa = PBXGroup;
			children = (
				FED55FE51629DF7F00690CD5 /* AppDelegate.h */,
				FED55FE61629DF7F00690CD5 /* AppDelegate.m */,
				FED55FEE1629DF7F00690CD5 /* FirstViewController.h */,
				FED55FEF1629DF7F00690CD5 /* FirstViewController.m */,
				FED55FFC1629DF7F00690CD5 /* FirstViewController.xib */,
				FED55FF11629DF7F00690CD5 /* first.png */,
				FED55FF31629DF7F00690CD5 /* first@2x.png */,
				FED55FF51629DF7F00690CD5 /* SecondViewController.h */,
				FED55FF61629DF7F00690CD5 /* SecondViewController.m */,
				FED55FFF1629DF7F00690CD5 /* SecondViewController.xib */,
				FED55FF81629DF7F00690CD5 /* second.png */,
				FC1DA1A3164C7DA500C2CD86 /* DialViewController.h */,
				FC1DA1A0164C7D9800C2CD86 /* DialViewController.m */,
				FC1DA1A4164C7DB500C2CD86 /* DialViewController.xib */,
				FED55FFA1629DF7F00690CD5 /* second@2x.png */,
				FEF222AD163497070027E8D5 /* CardInfoViewController.h */,
				FEF222AE163497070027E8D5 /* CardInfoViewController.m */,
				FEF222AF163497070027E8D5 /* CardInfoViewController.xib */,
				FED55FDD1629DF7F00690CD5 /* Supporting Files */,
			);
			path = CallingCardAssistant;
			sourceTree = "<group>";
		};
		FED55FDD1629DF7F00690CD5 /* Supporting Files */ = {
			isa = PBXGroup;
			children = (
				FED55FDE1629DF7F00690CD5 /* CallingCardAssistant-Info.plist */,
				FED55FDF1629DF7F00690CD5 /* InfoPlist.strings */,
				FED55FE21629DF7F00690CD5 /* main.m */,
				FED55FE41629DF7F00690CD5 /* CallingCardAssistant-Prefix.pch */,
				FED55FE81629DF7F00690CD5 /* Default.png */,
				FED55FEA1629DF7F00690CD5 /* Default@2x.png */,
				FED55FEC1629DF7F00690CD5 /* Default-568h@2x.png */,
			);
			name = "Supporting Files";
			sourceTree = "<group>";
		};
/* End PBXGroup section */

/* Begin PBXNativeTarget section */
		FED55FD11629DF7F00690CD5 /* CallingCardAssistant */ = {
			isa = PBXNativeTarget;
			buildConfigurationList = FED560041629DF7F00690CD5 /* Build configuration list for PBXNativeTarget "CallingCardAssistant" */;
			buildPhases = (
				FED55FCE1629DF7F00690CD5 /* Sources */,
				FED55FCF1629DF7F00690CD5 /* Frameworks */,
				FED55FD01629DF7F00690CD5 /* Resources */,
			);
			buildRules = (
			);
			dependencies = (
			);
			name = CallingCardAssistant;
			productName = CallingCardAssistant;
			productReference = FED55FD21629DF7F00690CD5 /* CallingCardAssistant.app */;
			productType = "com.apple.product-type.application";
		};
/* End PBXNativeTarget section */

/* Begin PBXProject section */
		FED55FC91629DF7F00690CD5 /* Project object */ = {
			isa = PBXProject;
			attributes = {
				LastUpgradeCheck = 0450;
				ORGANIZATIONNAME = "UW Mobile Club";
			};
			buildConfigurationList = FED55FCC1629DF7F00690CD5 /* Build configuration list for PBXProject "CallingCardAssistant" */;
			compatibilityVersion = "Xcode 3.2";
			developmentRegion = English;
			hasScannedForEncodings = 0;
			knownRegions = (
				en,
			);
			mainGroup = FED55FC71629DF7F00690CD5;
			productRefGroup = FED55FD31629DF7F00690CD5 /* Products */;
			projectDirPath = "";
			projectRoot = "";
			targets = (
				FED55FD11629DF7F00690CD5 /* CallingCardAssistant */,
			);
		};
/* End PBXProject section */

/* Begin PBXResourcesBuildPhase section */
		FED55FD01629DF7F00690CD5 /* Resources */ = {
			isa = PBXResourcesBuildPhase;
			buildActionMask = 2147483647;
			files = (
				FED55FE11629DF7F00690CD5 /* InfoPlist.strings in Resources */,
				FED55FE91629DF7F00690CD5 /* Default.png in Resources */,
				FED55FEB1629DF7F00690CD5 /* Default@2x.png in Resources */,
				FED55FED1629DF7F00690CD5 /* Default-568h@2x.png in Resources */,
				FED55FF21629DF7F00690CD5 /* first.png in Resources */,
				FED55FF41629DF7F00690CD5 /* first@2x.png in Resources */,
				FED55FF91629DF7F00690CD5 /* second.png in Resources */,
				FED55FFB1629DF7F00690CD5 /* second@2x.png in Resources */,
				FED55FFE1629DF7F00690CD5 /* FirstViewController.xib in Resources */,
				FED560011629DF7F00690CD5 /* SecondViewController.xib in Resources */,
				FEF222B1163497070027E8D5 /* CardInfoViewController.xib in Resources */,
				FC1DA1A5164C7DB500C2CD86 /* DialViewController.xib in Resources */,
			);
			runOnlyForDeploymentPostprocessing = 0;
		};
/* End PBXResourcesBuildPhase section */

/* Begin PBXSourcesBuildPhase section */
		FED55FCE1629DF7F00690CD5 /* Sources */ = {
			isa = PBXSourcesBuildPhase;
			buildActionMask = 2147483647;
			files = (
				FED55FE31629DF7F00690CD5 /* main.m in Sources */,
				FED55FE71629DF7F00690CD5 /* AppDelegate.m in Sources */,
				FED55FF01629DF7F00690CD5 /* FirstViewController.m in Sources */,
				FED55FF71629DF7F00690CD5 /* SecondViewController.m in Sources */,
				FEF222B0163497070027E8D5 /* CardInfoViewController.m in Sources */,
				FC6D0116164734D400C32F96 /* (null) in Sources */,
				FC1DA1A1164C7D9800C2CD86 /* DialViewController.m in Sources */,
			);
			runOnlyForDeploymentPostprocessing = 0;
		};
/* End PBXSourcesBuildPhase section */

/* Begin PBXVariantGroup section */
		FED55FDF1629DF7F00690CD5 /* InfoPlist.strings */ = {
			isa = PBXVariantGroup;
			children = (
				FED55FE01629DF7F00690CD5 /* en */,
			);
			name = InfoPlist.strings;
			sourceTree = "<group>";
		};
		FED55FFC1629DF7F00690CD5 /* FirstViewController.xib */ = {
			isa = PBXVariantGroup;
			children = (
				FED55FFD1629DF7F00690CD5 /* en */,
			);
			name = FirstViewController.xib;
			sourceTree = "<group>";
		};
		FED55FFF1629DF7F00690CD5 /* SecondViewController.xib */ = {
			isa = PBXVariantGroup;
			children = (
				FED560001629DF7F00690CD5 /* en */,
			);
			name = SecondViewController.xib;
			sourceTree = "<group>";
		};
/* End PBXVariantGroup section */

/* Begin XCBuildConfiguration section */
		FED560021629DF7F00690CD5 /* Debug */ = {
			isa = XCBuildConfiguration;
			buildSettings = {
				ALWAYS_SEARCH_USER_PATHS = NO;
				CLANG_CXX_LANGUAGE_STANDARD = "gnu++0x";
				CLANG_CXX_LIBRARY = "libc++";
				CLANG_ENABLE_OBJC_ARC = YES;
				CLANG_WARN_EMPTY_BODY = YES;
				CLANG_WARN__DUPLICATE_METHOD_MATCH = YES;
				"CODE_SIGN_IDENTITY[sdk=iphoneos*]" = "iPhone Developer";
				COPY_PHASE_STRIP = NO;
				GCC_C_LANGUAGE_STANDARD = gnu99;
				GCC_DYNAMIC_NO_PIC = NO;
				GCC_OPTIMIZATION_LEVEL = 0;
				GCC_PREPROCESSOR_DEFINITIONS = (
					"DEBUG=1",
					"$(inherited)",
				);
				GCC_SYMBOLS_PRIVATE_EXTERN = NO;
				GCC_WARN_ABOUT_RETURN_TYPE = YES;
				GCC_WARN_UNINITIALIZED_AUTOS = YES;
				GCC_WARN_UNUSED_VARIABLE = YES;
				IPHONEOS_DEPLOYMENT_TARGET = 6.0;
				SDKROOT = iphoneos;
			};
			name = Debug;
		};
		FED560031629DF7F00690CD5 /* Release */ = {
			isa = XCBuildConfiguration;
			buildSettings = {
				ALWAYS_SEARCH_USER_PATHS = NO;
				CLANG_CXX_LANGUAGE_STANDARD = "gnu++0x";
				CLANG_CXX_LIBRARY = "libc++";
				CLANG_ENABLE_OBJC_ARC = YES;
				CLANG_WARN_EMPTY_BODY = YES;
				CLANG_WARN__DUPLICATE_METHOD_MATCH = YES;
				"CODE_SIGN_IDENTITY[sdk=iphoneos*]" = "iPhone Developer";
				COPY_PHASE_STRIP = YES;
				GCC_C_LANGUAGE_STANDARD = gnu99;
				GCC_WARN_ABOUT_RETURN_TYPE = YES;
				GCC_WARN_UNINITIALIZED_AUTOS = YES;
				GCC_WARN_UNUSED_VARIABLE = YES;
				IPHONEOS_DEPLOYMENT_TARGET = 6.0;
				OTHER_CFLAGS = "-DNS_BLOCK_ASSERTIONS=1";
				SDKROOT = iphoneos;
				VALIDATE_PRODUCT = YES;
			};
			name = Release;
		};
		FED560051629DF7F00690CD5 /* Debug */ = {
			isa = XCBuildConfiguration;
			buildSettings = {
				GCC_PRECOMPILE_PREFIX_HEADER = YES;
				GCC_PREFIX_HEADER = "CallingCardAssistant/CallingCardAssistant-Prefix.pch";
				INFOPLIST_FILE = "CallingCardAssistant/CallingCardAssistant-Info.plist";
				PRODUCT_NAME = "$(TARGET_NAME)";
				WRAPPER_EXTENSION = app;
			};
			name = Debug;
		};
		FED560061629DF7F00690CD5 /* Release */ = {
			isa = XCBuildConfiguration;
			buildSettings = {
				GCC_PRECOMPILE_PREFIX_HEADER = YES;
				GCC_PREFIX_HEADER = "CallingCardAssistant/CallingCardAssistant-Prefix.pch";
				INFOPLIST_FILE = "CallingCardAssistant/CallingCardAssistant-Info.plist";
				PRODUCT_NAME = "$(TARGET_NAME)";
				WRAPPER_EXTENSION = app;
			};
			name = Release;
		};
/* End XCBuildConfiguration section */

/* Begin XCConfigurationList section */
		FED55FCC1629DF7F00690CD5 /* Build configuration list for PBXProject "CallingCardAssistant" */ = {
			isa = XCConfigurationList;
			buildConfigurations = (
				FED560021629DF7F00690CD5 /* Debug */,
				FED560031629DF7F00690CD5 /* Release */,
			);
			defaultConfigurationIsVisible = 0;
			defaultConfigurationName = Release;
		};
		FED560041629DF7F00690CD5 /* Build configuration list for PBXNativeTarget "CallingCardAssistant" */ = {
			isa = XCConfigurationList;
			buildConfigurations = (
				FED560051629DF7F00690CD5 /* Debug */,
				FED560061629DF7F00690CD5 /* Release */,
			);
			defaultConfigurationIsVisible = 0;
			defaultConfigurationName = Release;
		};
/* End XCConfigurationList section */
	};
	rootObject = FED55FC91629DF7F00690CD5 /* Project object */;
}
